
Microsoft Visual Studio Solution File, Format Version 12.00
# Visual Studio Version 17
VisualStudioVersion = 17.5.002.0
MinimumVisualStudioVersion = 10.0.40219.1
Project("{9A19103F-16F7-4668-BE54-9A1E7A4F7556}") = "API", "API\API.csproj", "{9231851F-94FC-4A7D-9CEF-570C9CE6CB3D}"
EndProject
Global
	GlobalSection(SolutionConfigurationPlatforms) = preSolution
		Debug|Any CPU = Debug|Any CPU
		Release|Any CPU = Release|Any CPU
	EndGlobalSection
	GlobalSection(ProjectConfigurationPlatforms) = postSolution
		{9231851F-94FC-4A7D-9CEF-570C9CE6CB3D}.Debug|Any CPU.ActiveCfg = Debug|Any CPU
		{9231851F-94FC-4A7D-9CEF-570C9CE6CB3D}.Debug|Any CPU.Build.0 = Debug|Any CPU
		{9231851F-94FC-4A7D-9CEF-570C9CE6CB3D}.Release|Any CPU.ActiveCfg = Release|Any CPU
		{9231851F-94FC-4A7D-9CEF-570C9CE6CB3D}.Release|Any CPU.Build.0 = Release|Any CPU
	EndGlobalSection
	GlobalSection(SolutionProperties) = preSolution
		HideSolutionNode = FALSE
	EndGlobalSection
	GlobalSection(ExtensibilityGlobals) = postSolution
		SolutionGuid = {AABD5A72-592C-4CE9-BC24-80739E39F810}
	EndGlobalSection
EndGlobal
